// !$*UTF8*$!
{
	archiveVersion = 1;
	classes = {
	};
	objectVersion = 56;
	objects = {

/* Begin PBXBuildFile section */
		A1931D122B68F583004F17C2 /* AppDelegate.swift in Sources */ = {isa = PBXBuildFile; fileRef = A1931D112B68F583004F17C2 /* AppDelegate.swift */; };
		A1931D142B68F583004F17C2 /* SceneDelegate.swift in Sources */ = {isa = PBXBuildFile; fileRef = A1931D132B68F583004F17C2 /* SceneDelegate.swift */; };
		A1931D1C2B68F583004F17C2 /* CookPediaApp.xcdatamodeld in Sources */ = {isa = PBXBuildFile; fileRef = A1931D1A2B68F583004F17C2 /* CookPediaApp.xcdatamodeld */; };
		A1931D1E2B68F585004F17C2 /* Assets.xcassets in Resources */ = {isa = PBXBuildFile; fileRef = A1931D1D2B68F585004F17C2 /* Assets.xcassets */; };
		A1931D212B68F585004F17C2 /* LaunchScreen.storyboard in Resources */ = {isa = PBXBuildFile; fileRef = A1931D1F2B68F585004F17C2 /* LaunchScreen.storyboard */; };
		A1931D2E2B697661004F17C2 /* MakerView.swift in Sources */ = {isa = PBXBuildFile; fileRef = A1931D2D2B697661004F17C2 /* MakerView.swift */; };
		A1931D302B69766D004F17C2 /* UIColor.swift in Sources */ = {isa = PBXBuildFile; fileRef = A1931D2F2B69766D004F17C2 /* UIColor.swift */; };
		A1931D332B6976ED004F17C2 /* SnapKit in Frameworks */ = {isa = PBXBuildFile; productRef = A1931D322B6976ED004F17C2 /* SnapKit */; };
		A1931D352B69775D004F17C2 /* NewPwdPageController.swift in Sources */ = {isa = PBXBuildFile; fileRef = A1931D342B69775D004F17C2 /* NewPwdPageController.swift */; };
		A1931D372B6978F3004F17C2 /* NotificationController.swift in Sources */ = {isa = PBXBuildFile; fileRef = A1931D362B6978F3004F17C2 /* NotificationController.swift */; };
/* End PBXBuildFile section */

/* Begin PBXFileReference section */
		A1931D0E2B68F583004F17C2 /* CookPediaApp.app */ = {isa = PBXFileReference; explicitFileType = wrapper.application; includeInIndex = 0; path = CookPediaApp.app; sourceTree = BUILT_PRODUCTS_DIR; };
		A1931D112B68F583004F17C2 /* AppDelegate.swift */ = {isa = PBXFileReference; lastKnownFileType = sourcecode.swift; path = AppDelegate.swift; sourceTree = "<group>"; };
		A1931D132B68F583004F17C2 /* SceneDelegate.swift */ = {isa = PBXFileReference; lastKnownFileType = sourcecode.swift; path = SceneDelegate.swift; sourceTree = "<group>"; };
		A1931D1B2B68F583004F17C2 /* CookPediaApp.xcdatamodel */ = {isa = PBXFileReference; lastKnownFileType = wrapper.xcdatamodel; path = CookPediaApp.xcdatamodel; sourceTree = "<group>"; };
		A1931D1D2B68F585004F17C2 /* Assets.xcassets */ = {isa = PBXFileReference; lastKnownFileType = folder.assetcatalog; path = Assets.xcassets; sourceTree = "<group>"; };
		A1931D202B68F585004F17C2 /* Base */ = {isa = PBXFileReference; lastKnownFileType = file.storyboard; name = Base; path = Base.lproj/LaunchScreen.storyboard; sourceTree = "<group>"; };
		A1931D222B68F585004F17C2 /* Info.plist */ = {isa = PBXFileReference; lastKnownFileType = text.plist.xml; path = Info.plist; sourceTree = "<group>"; };
		A1931D2D2B697661004F17C2 /* MakerView.swift */ = {isa = PBXFileReference; lastKnownFileType = sourcecode.swift; path = MakerView.swift; sourceTree = "<group>"; };
		A1931D2F2B69766D004F17C2 /* UIColor.swift */ = {isa = PBXFileReference; lastKnownFileType = sourcecode.swift; path = UIColor.swift; sourceTree = "<group>"; };
		A1931D342B69775D004F17C2 /* NewPwdPageController.swift */ = {isa = PBXFileReference; lastKnownFileType = sourcecode.swift; path = NewPwdPageController.swift; sourceTree = "<group>"; };
		A1931D362B6978F3004F17C2 /* NotificationController.swift */ = {isa = PBXFileReference; lastKnownFileType = sourcecode.swift; path = NotificationController.swift; sourceTree = "<group>"; };
/* End PBXFileReference section */

/* Begin PBXFrameworksBuildPhase section */
		A1931D0B2B68F583004F17C2 /* Frameworks */ = {
			isa = PBXFrameworksBuildPhase;
			buildActionMask = 2147483647;
			files = (
				A1931D332B6976ED004F17C2 /* SnapKit in Frameworks */,
			);
			runOnlyForDeploymentPostprocessing = 0;
		};
/* End PBXFrameworksBuildPhase section */

/* Begin PBXGroup section */
		A1931D052B68F583004F17C2 = {
			isa = PBXGroup;
			children = (
				A1931D102B68F583004F17C2 /* CookPediaApp */,
				A1931D0F2B68F583004F17C2 /* Products */,
			);
			sourceTree = "<group>";
		};
		A1931D0F2B68F583004F17C2 /* Products */ = {
			isa = PBXGroup;
			children = (
				A1931D0E2B68F583004F17C2 /* CookPediaApp.app */,
			);
			name = Products;
			sourceTree = "<group>";
		};
		A1931D102B68F583004F17C2 /* CookPediaApp */ = {
			isa = PBXGroup;
			children = (
				A1931D2B2B6975B7004F17C2 /* extensions */,
				A1931D2A2B6975A1004F17C2 /* helper */,
				A1931D292B697594004F17C2 /* delegate */,
				A1931D282B697565004F17C2 /* common */,
				A1931D2C2B6975C3004F17C2 /* resources */,
				A1931D222B68F585004F17C2 /* Info.plist */,
				A1931D1A2B68F583004F17C2 /* CookPediaApp.xcdatamodeld */,
			);
			path = CookPediaApp;
			sourceTree = "<group>";
		};
		A1931D282B697565004F17C2 /* common */ = {
			isa = PBXGroup;
			children = (
				A1931D342B69775D004F17C2 /* NewPwdPageController.swift */,
				A1931D362B6978F3004F17C2 /* NotificationController.swift */,
			);
			path = common;
			sourceTree = "<group>";
		};
		A1931D292B697594004F17C2 /* delegate */ = {
			isa = PBXGroup;
			children = (
				A1931D112B68F583004F17C2 /* AppDelegate.swift */,
				A1931D132B68F583004F17C2 /* SceneDelegate.swift */,
			);
			path = delegate;
			sourceTree = "<group>";
		};
		A1931D2A2B6975A1004F17C2 /* helper */ = {
			isa = PBXGroup;
			children = (
				A1931D2D2B697661004F17C2 /* MakerView.swift */,
			);
			path = helper;
			sourceTree = "<group>";
		};
		A1931D2B2B6975B7004F17C2 /* extensions */ = {
			isa = PBXGroup;
			children = (
				A1931D2F2B69766D004F17C2 /* UIColor.swift */,
			);
			path = extensions;
			sourceTree = "<group>";
		};
		A1931D2C2B6975C3004F17C2 /* resources */ = {
			isa = PBXGroup;
			children = (
				A1931D1D2B68F585004F17C2 /* Assets.xcassets */,
				A1931D1F2B68F585004F17C2 /* LaunchScreen.storyboard */,
			);
			path = resources;
			sourceTree = "<group>";
		};
/* End PBXGroup section */

/* Begin PBXNativeTarget section */
		A1931D0D2B68F583004F17C2 /* CookPediaApp */ = {
			isa = PBXNativeTarget;
			buildConfigurationList = A1931D252B68F585004F17C2 /* Build configuration list for PBXNativeTarget "CookPediaApp" */;
			buildPhases = (
				A1931D0A2B68F583004F17C2 /* Sources */,
				A1931D0B2B68F583004F17C2 /* Frameworks */,
				A1931D0C2B68F583004F17C2 /* Resources */,
			);
			buildRules = (
			);
			dependencies = (
			);
			name = CookPediaApp;
			packageProductDependencies = (
				A1931D322B6976ED004F17C2 /* SnapKit */,
			);
			productName = CookPediaApp;
			productReference = A1931D0E2B68F583004F17C2 /* CookPediaApp.app */;
			productType = "com.apple.product-type.application";
		};
/* End PBXNativeTarget section */

/* Begin PBXProject section */
		A1931D062B68F583004F17C2 /* Project object */ = {
			isa = PBXProject;
			attributes = {
				BuildIndependentTargetsInParallel = 1;
				LastSwiftUpdateCheck = 1520;
				LastUpgradeCheck = 1520;
				TargetAttributes = {
					A1931D0D2B68F583004F17C2 = {
						CreatedOnToolsVersion = 15.2;
					};
				};
			};
			buildConfigurationList = A1931D092B68F583004F17C2 /* Build configuration list for PBXProject "CookPediaApp" */;
			compatibilityVersion = "Xcode 14.0";
			developmentRegion = en;
			hasScannedForEncodings = 0;
			knownRegions = (
				en,
				Base,
			);
			mainGroup = A1931D052B68F583004F17C2;
			packageReferences = (
				A1931D312B6976ED004F17C2 /* XCRemoteSwiftPackageReference "SnapKit" */,
			);
			productRefGroup = A1931D0F2B68F583004F17C2 /* Products */;
			projectDirPath = "";
			projectRoot = "";
			targets = (
				A1931D0D2B68F583004F17C2 /* CookPediaApp */,
			);
		};
/* End PBXProject section */

/* Begin PBXResourcesBuildPhase section */
		A1931D0C2B68F583004F17C2 /* Resources */ = {
			isa = PBXResourcesBuildPhase;
			buildActionMask = 2147483647;
			files = (
				A1931D212B68F585004F17C2 /* LaunchScreen.storyboard in Resources */,
				A1931D1E2B68F585004F17C2 /* Assets.xcassets in Resources */,
			);
			runOnlyForDeploymentPostprocessing = 0;
		};
/* End PBXResourcesBuildPhase section */

/* Begin PBXSourcesBuildPhase section */
		A1931D0A2B68F583004F17C2 /* Sources */ = {
			isa = PBXSourcesBuildPhase;
			buildActionMask = 2147483647;
			files = (
				A1931D2E2B697661004F17C2 /* MakerView.swift in Sources */,
				A1931D302B69766D004F17C2 /* UIColor.swift in Sources */,
				A1931D1C2B68F583004F17C2 /* CookPediaApp.xcdatamodeld in Sources */,
				A1931D372B6978F3004F17C2 /* NotificationController.swift in Sources */,
				A1931D352B69775D004F17C2 /* NewPwdPageController.swift in Sources */,
				A1931D122B68F583004F17C2 /* AppDelegate.swift in Sources */,
				A1931D142B68F583004F17C2 /* SceneDelegate.swift in Sources */,
			);
			runOnlyForDeploymentPostprocessing = 0;
		};
/* End PBXSourcesBuildPhase section */

/* Begin PBXVariantGroup section */
		A1931D1F2B68F585004F17C2 /* LaunchScreen.storyboard */ = {
			isa = PBXVariantGroup;
			children = (
				A1931D202B68F585004F17C2 /* Base */,
			);
			name = LaunchScreen.storyboard;
			sourceTree = "<group>";
		};
/* End PBXVariantGroup section */

/* Begin XCBuildConfiguration section */
		A1931D232B68F585004F17C2 /* Debug */ = {
			isa = XCBuildConfiguration;
			buildSettings = {
				ALWAYS_SEARCH_USER_PATHS = NO;
				ASSETCATALOG_COMPILER_GENERATE_SWIFT_ASSET_SYMBOL_EXTENSIONS = YES;
				CLANG_ANALYZER_NONNULL = YES;
				CLANG_ANALYZER_NUMBER_OBJECT_CONVERSION = YES_AGGRESSIVE;
				CLANG_CXX_LANGUAGE_STANDARD = "gnu++20";
				CLANG_ENABLE_MODULES = YES;
				CLANG_ENABLE_OBJC_ARC = YES;
				CLANG_ENABLE_OBJC_WEAK = YES;
				CLANG_WARN_BLOCK_CAPTURE_AUTORELEASING = YES;
				CLANG_WARN_BOOL_CONVERSION = YES;
				CLANG_WARN_COMMA = YES;
				CLANG_WARN_CONSTANT_CONVERSION = YES;
				CLANG_WARN_DEPRECATED_OBJC_IMPLEMENTATIONS = YES;
				CLANG_WARN_DIRECT_OBJC_ISA_USAGE = YES_ERROR;
				CLANG_WARN_DOCUMENTATION_COMMENTS = YES;
				CLANG_WARN_EMPTY_BODY = YES;
				CLANG_WARN_ENUM_CONVERSION = YES;
				CLANG_WARN_INFINITE_RECURSION = YES;
				CLANG_WARN_INT_CONVERSION = YES;
				CLANG_WARN_NON_LITERAL_NULL_CONVERSION = YES;
				CLANG_WARN_OBJC_IMPLICIT_RETAIN_SELF = YES;
				CLANG_WARN_OBJC_LITERAL_CONVERSION = YES;
				CLANG_WARN_OBJC_ROOT_CLASS = YES_ERROR;
				CLANG_WARN_QUOTED_INCLUDE_IN_FRAMEWORK_HEADER = YES;
				CLANG_WARN_RANGE_LOOP_ANALYSIS = YES;
				CLANG_WARN_STRICT_PROTOTYPES = YES;
				CLANG_WARN_SUSPICIOUS_MOVE = YES;
				CLANG_WARN_UNGUARDED_AVAILABILITY = YES_AGGRESSIVE;
				CLANG_WARN_UNREACHABLE_CODE = YES;
				CLANG_WARN__DUPLICATE_METHOD_MATCH = YES;
				COPY_PHASE_STRIP = NO;
				DEBUG_INFORMATION_FORMAT = dwarf;
				ENABLE_STRICT_OBJC_MSGSEND = YES;
				ENABLE_TESTABILITY = YES;
				ENABLE_USER_SCRIPT_SANDBOXING = YES;
				GCC_C_LANGUAGE_STANDARD = gnu17;
				GCC_DYNAMIC_NO_PIC = NO;
				GCC_NO_COMMON_BLOCKS = YES;
				GCC_OPTIMIZATION_LEVEL = 0;
				GCC_PREPROCESSOR_DEFINITIONS = (
					"DEBUG=1",
					"$(inherited)",
				);
				GCC_WARN_64_TO_32_BIT_CONVERSION = YES;
				GCC_WARN_ABOUT_RETURN_TYPE = YES_ERROR;
				GCC_WARN_UNDECLARED_SELECTOR = YES;
				GCC_WARN_UNINITIALIZED_AUTOS = YES_AGGRESSIVE;
				GCC_WARN_UNUSED_FUNCTION = YES;
				GCC_WARN_UNUSED_VARIABLE = YES;
				IPHONEOS_DEPLOYMENT_TARGET = 17.2;
				LOCALIZATION_PREFERS_STRING_CATALOGS = YES;
				MTL_ENABLE_DEBUG_INFO = INCLUDE_SOURCE;
				MTL_FAST_MATH = YES;
				ONLY_ACTIVE_ARCH = YES;
				SDKROOT = iphoneos;
				SWIFT_ACTIVE_COMPILATION_CONDITIONS = "DEBUG $(inherited)";
				SWIFT_OPTIMIZATION_LEVEL = "-Onone";
			};
			name = Debug;
		};
		A1931D242B68F585004F17C2 /* Release */ = {
			isa = XCBuildConfiguration;
			buildSettings = {
				ALWAYS_SEARCH_USER_PATHS = NO;
				ASSETCATALOG_COMPILER_GENERATE_SWIFT_ASSET_SYMBOL_EXTENSIONS = YES;
				CLANG_ANALYZER_NONNULL = YES;
				CLANG_ANALYZER_NUMBER_OBJECT_CONVERSION = YES_AGGRESSIVE;
				CLANG_CXX_LANGUAGE_STANDARD = "gnu++20";
				CLANG_ENABLE_MODULES = YES;
				CLANG_ENABLE_OBJC_ARC = YES;
				CLANG_ENABLE_OBJC_WEAK = YES;
				CLANG_WARN_BLOCK_CAPTURE_AUTORELEASING = YES;
				CLANG_WARN_BOOL_CONVERSION = YES;
				CLANG_WARN_COMMA = YES;
				CLANG_WARN_CONSTANT_CONVERSION = YES;
				CLANG_WARN_DEPRECATED_OBJC_IMPLEMENTATIONS = YES;
				CLANG_WARN_DIRECT_OBJC_ISA_USAGE = YES_ERROR;
				CLANG_WARN_DOCUMENTATION_COMMENTS = YES;
				CLANG_WARN_EMPTY_BODY = YES;
				CLANG_WARN_ENUM_CONVERSION = YES;
				CLANG_WARN_INFINITE_RECURSION = YES;
				CLANG_WARN_INT_CONVERSION = YES;
				CLANG_WARN_NON_LITERAL_NULL_CONVERSION = YES;
				CLANG_WARN_OBJC_IMPLICIT_RETAIN_SELF = YES;
				CLANG_WARN_OBJC_LITERAL_CONVERSION = YES;
				CLANG_WARN_OBJC_ROOT_CLASS = YES_ERROR;
				CLANG_WARN_QUOTED_INCLUDE_IN_FRAMEWORK_HEADER = YES;
				CLANG_WARN_RANGE_LOOP_ANALYSIS = YES;
				CLANG_WARN_STRICT_PROTOTYPES = YES;
				CLANG_WARN_SUSPICIOUS_MOVE = YES;
				CLANG_WARN_UNGUARDED_AVAILABILITY = YES_AGGRESSIVE;
				CLANG_WARN_UNREACHABLE_CODE = YES;
				CLANG_WARN__DUPLICATE_METHOD_MATCH = YES;
				COPY_PHASE_STRIP = NO;
				DEBUG_INFORMATION_FORMAT = "dwarf-with-dsym";
				ENABLE_NS_ASSERTIONS = NO;
				ENABLE_STRICT_OBJC_MSGSEND = YES;
				ENABLE_USER_SCRIPT_SANDBOXING = YES;
				GCC_C_LANGUAGE_STANDARD = gnu17;
				GCC_NO_COMMON_BLOCKS = YES;
				GCC_WARN_64_TO_32_BIT_CONVERSION = YES;
				GCC_WARN_ABOUT_RETURN_TYPE = YES_ERROR;
				GCC_WARN_UNDECLARED_SELECTOR = YES;
				GCC_WARN_UNINITIALIZED_AUTOS = YES_AGGRESSIVE;
				GCC_WARN_UNUSED_FUNCTION = YES;
				GCC_WARN_UNUSED_VARIABLE = YES;
				IPHONEOS_DEPLOYMENT_TARGET = 17.2;
				LOCALIZATION_PREFERS_STRING_CATALOGS = YES;
				MTL_ENABLE_DEBUG_INFO = NO;
				MTL_FAST_MATH = YES;
				SDKROOT = iphoneos;
				SWIFT_COMPILATION_MODE = wholemodule;
				VALIDATE_PRODUCT = YES;
			};
			name = Release;
		};
		A1931D262B68F585004F17C2 /* Debug */ = {
			isa = XCBuildConfiguration;
			buildSettings = {
				ASSETCATALOG_COMPILER_APPICON_NAME = AppIcon;
				ASSETCATALOG_COMPILER_GLOBAL_ACCENT_COLOR_NAME = AccentColor;
				CODE_SIGN_STYLE = Automatic;
				CURRENT_PROJECT_VERSION = 1;
				DEVELOPMENT_TEAM = LH7FMGZ75D;
				GENERATE_INFOPLIST_FILE = YES;
				INFOPLIST_FILE = CookPediaApp/Info.plist;
				INFOPLIST_KEY_UIApplicationSupportsIndirectInputEvents = YES;
				INFOPLIST_KEY_UILaunchStoryboardName = LaunchScreen;
				INFOPLIST_KEY_UISupportedInterfaceOrientations_iPad = "UIInterfaceOrientationPortrait UIInterfaceOrientationPortraitUpsideDown UIInterfaceOrientationLandscapeLeft UIInterfaceOrientationLandscapeRight";
				INFOPLIST_KEY_UISupportedInterfaceOrientations_iPhone = "UIInterfaceOrientationPortrait UIInterfaceOrientationLandscapeLeft UIInterfaceOrientationLandscapeRight";
				LD_RUNPATH_SEARCH_PATHS = (
					"$(inherited)",
					"@executable_path/Frameworks",
				);
				MARKETING_VERSION = 1.0;
				PRODUCT_BUNDLE_IDENTIFIER = com.aruu.CookPediaApp;
				PRODUCT_NAME = "$(TARGET_NAME)";
				SWIFT_EMIT_LOC_STRINGS = YES;
				SWIFT_VERSION = 5.0;
				TARGETED_DEVICE_FAMILY = "1,2";
			};
			name = Debug;
		};
		A1931D272B68F585004F17C2 /* Release */ = {
			isa = XCBuildConfiguration;
			buildSettings = {
				ASSETCATALOG_COMPILER_APPICON_NAME = AppIcon;
				ASSETCATALOG_COMPILER_GLOBAL_ACCENT_COLOR_NAME = AccentColor;
				CODE_SIGN_STYLE = Automatic;
				CURRENT_PROJECT_VERSION = 1;
				DEVELOPMENT_TEAM = LH7FMGZ75D;
				GENERATE_INFOPLIST_FILE = YES;
				INFOPLIST_FILE = CookPediaApp/Info.plist;
				INFOPLIST_KEY_UIApplicationSupportsIndirectInputEvents = YES;
				INFOPLIST_KEY_UILaunchStoryboardName = LaunchScreen;
				INFOPLIST_KEY_UISupportedInterfaceOrientations_iPad = "UIInterfaceOrientationPortrait UIInterfaceOrientationPortraitUpsideDown UIInterfaceOrientationLandscapeLeft UIInterfaceOrientationLandscapeRight";
				INFOPLIST_KEY_UISupportedInterfaceOrientations_iPhone = "UIInterfaceOrientationPortrait UIInterfaceOrientationLandscapeLeft UIInterfaceOrientationLandscapeRight";
				LD_RUNPATH_SEARCH_PATHS = (
					"$(inherited)",
					"@executable_path/Frameworks",
				);
				MARKETING_VERSION = 1.0;
				PRODUCT_BUNDLE_IDENTIFIER = com.aruu.CookPediaApp;
				PRODUCT_NAME = "$(TARGET_NAME)";
				SWIFT_EMIT_LOC_STRINGS = YES;
				SWIFT_VERSION = 5.0;
				TARGETED_DEVICE_FAMILY = "1,2";
			};
			name = Release;
		};
/* End XCBuildConfiguration section */

/* Begin XCConfigurationList section */
		A1931D092B68F583004F17C2 /* Build configuration list for PBXProject "CookPediaApp" */ = {
			isa = XCConfigurationList;
			buildConfigurations = (
				A1931D232B68F585004F17C2 /* Debug */,
				A1931D242B68F585004F17C2 /* Release */,
			);
			defaultConfigurationIsVisible = 0;
			defaultConfigurationName = Release;
		};
		A1931D252B68F585004F17C2 /* Build configuration list for PBXNativeTarget "CookPediaApp" */ = {
			isa = XCConfigurationList;
			buildConfigurations = (
				A1931D262B68F585004F17C2 /* Debug */,
				A1931D272B68F585004F17C2 /* Release */,
			);
			defaultConfigurationIsVisible = 0;
			defaultConfigurationName = Release;
		};
/* End XCConfigurationList section */

/* Begin XCRemoteSwiftPackageReference section */
		A1931D312B6976ED004F17C2 /* XCRemoteSwiftPackageReference "SnapKit" */ = {
			isa = XCRemoteSwiftPackageReference;
			repositoryURL = "https://github.com/SnapKit/SnapKit.git";
			requirement = {
				kind = upToNextMajorVersion;
				minimumVersion = 5.7.0;
			};
		};
/* End XCRemoteSwiftPackageReference section */

/* Begin XCSwiftPackageProductDependency section */
		A1931D322B6976ED004F17C2 /* SnapKit */ = {
			isa = XCSwiftPackageProductDependency;
			package = A1931D312B6976ED004F17C2 /* XCRemoteSwiftPackageReference "SnapKit" */;
			productName = SnapKit;
		};
/* End XCSwiftPackageProductDependency section */

/* Begin XCVersionGroup section */
		A1931D1A2B68F583004F17C2 /* CookPediaApp.xcdatamodeld */ = {
			isa = XCVersionGroup;
			children = (
				A1931D1B2B68F583004F17C2 /* CookPediaApp.xcdatamodel */,
			);
			currentVersion = A1931D1B2B68F583004F17C2 /* CookPediaApp.xcdatamodel */;
			path = CookPediaApp.xcdatamodeld;
			sourceTree = "<group>";
			versionGroupType = wrapper.xcdatamodel;
		};
/* End XCVersionGroup section */
	};
	rootObject = A1931D062B68F583004F17C2 /* Project object */;
}
